
Microsoft Visual Studio Solution File, Format Version 12.00
# Visual Studio 14
VisualStudioVersion = 14.0.25420.1
MinimumVisualStudioVersion = 10.0.40219.1
Project("{FAE04EC0-301F-11D3-BF4B-00C04F79EFBC}") = "BuildLights", "BuildLights\BuildLights.csproj", "{6A039CF3-3C11-4250-8694-36B1983603FA}"
EndProject
Project("{FAE04EC0-301F-11D3-BF4B-00C04F79EFBC}") = "Infrastucture", "Infrastucture\Infrastucture.csproj", "{148B4FC7-69F9-406A-B8D1-C87A758E1934}"
EndProject
Project("{FAE04EC0-301F-11D3-BF4B-00C04F79EFBC}") = "TfsOnPremDriver.Tests.Unit", "TfsOnPremDriver.Tests.Unit\TfsOnPremDriver.Tests.Unit.csproj", "{89D23026-D79D-4767-888D-82425C1EC1CD}"
EndProject
Project("{FAE04EC0-301F-11D3-BF4B-00C04F79EFBC}") = "TfsOnPremDriver", "TfsOnPremDriver\TfsOnPremDriver.csproj", "{4EF5016A-73AD-4FA4-B277-1CCDCC2D94F7}"
EndProject
Project("{FAE04EC0-301F-11D3-BF4B-00C04F79EFBC}") = "BuildLights.Tests.Unit", "BuildLights.Tests.Unit\BuildLights.Tests.Unit.csproj", "{4719C497-C102-46CC-88F2-D1A83F991A60}"
EndProject
Global
	GlobalSection(SolutionConfigurationPlatforms) = preSolution
		Debug|Any CPU = Debug|Any CPU
		Debug|ARM = Debug|ARM
		Debug|x64 = Debug|x64
		Debug|x86 = Debug|x86
		Release|Any CPU = Release|Any CPU
		Release|ARM = Release|ARM
		Release|x64 = Release|x64
		Release|x86 = Release|x86
	EndGlobalSection
	GlobalSection(ProjectConfigurationPlatforms) = postSolution
		{6A039CF3-3C11-4250-8694-36B1983603FA}.Debug|Any CPU.ActiveCfg = Debug|x86
		{6A039CF3-3C11-4250-8694-36B1983603FA}.Debug|ARM.ActiveCfg = Debug|ARM
		{6A039CF3-3C11-4250-8694-36B1983603FA}.Debug|ARM.Build.0 = Debug|ARM
		{6A039CF3-3C11-4250-8694-36B1983603FA}.Debug|ARM.Deploy.0 = Debug|ARM
		{6A039CF3-3C11-4250-8694-36B1983603FA}.Debug|x64.ActiveCfg = Debug|x64
		{6A039CF3-3C11-4250-8694-36B1983603FA}.Debug|x64.Build.0 = Debug|x64
		{6A039CF3-3C11-4250-8694-36B1983603FA}.Debug|x64.Deploy.0 = Debug|x64
		{6A039CF3-3C11-4250-8694-36B1983603FA}.Debug|x86.ActiveCfg = Debug|x86
		{6A039CF3-3C11-4250-8694-36B1983603FA}.Debug|x86.Build.0 = Debug|x86
		{6A039CF3-3C11-4250-8694-36B1983603FA}.Debug|x86.Deploy.0 = Debug|x86
		{6A039CF3-3C11-4250-8694-36B1983603FA}.Release|Any CPU.ActiveCfg = Release|x86
		{6A039CF3-3C11-4250-8694-36B1983603FA}.Release|ARM.ActiveCfg = Release|ARM
		{6A039CF3-3C11-4250-8694-36B1983603FA}.Release|ARM.Build.0 = Release|ARM
		{6A039CF3-3C11-4250-8694-36B1983603FA}.Release|ARM.Deploy.0 = Release|ARM
		{6A039CF3-3C11-4250-8694-36B1983603FA}.Release|x64.ActiveCfg = Release|x64
		{6A039CF3-3C11-4250-8694-36B1983603FA}.Release|x64.Build.0 = Release|x64
		{6A039CF3-3C11-4250-8694-36B1983603FA}.Release|x64.Deploy.0 = Release|x64
		{6A039CF3-3C11-4250-8694-36B1983603FA}.Release|x86.ActiveCfg = Release|x86
		{6A039CF3-3C11-4250-8694-36B1983603FA}.Release|x86.Build.0 = Release|x86
		{6A039CF3-3C11-4250-8694-36B1983603FA}.Release|x86.Deploy.0 = Release|x86
		{148B4FC7-69F9-406A-B8D1-C87A758E1934}.Debug|Any CPU.ActiveCfg = Debug|Any CPU
		{148B4FC7-69F9-406A-B8D1-C87A758E1934}.Debug|Any CPU.Build.0 = Debug|Any CPU
		{148B4FC7-69F9-406A-B8D1-C87A758E1934}.Debug|ARM.ActiveCfg = Debug|ARM
		{148B4FC7-69F9-406A-B8D1-C87A758E1934}.Debug|ARM.Build.0 = Debug|ARM
		{148B4FC7-69F9-406A-B8D1-C87A758E1934}.Debug|x64.ActiveCfg = Debug|x64
		{148B4FC7-69F9-406A-B8D1-C87A758E1934}.Debug|x64.Build.0 = Debug|x64
		{148B4FC7-69F9-406A-B8D1-C87A758E1934}.Debug|x86.ActiveCfg = Debug|x86
		{148B4FC7-69F9-406A-B8D1-C87A758E1934}.Debug|x86.Build.0 = Debug|x86
		{148B4FC7-69F9-406A-B8D1-C87A758E1934}.Release|Any CPU.ActiveCfg = Release|Any CPU
		{148B4FC7-69F9-406A-B8D1-C87A758E1934}.Release|Any CPU.Build.0 = Release|Any CPU
		{148B4FC7-69F9-406A-B8D1-C87A758E1934}.Release|ARM.ActiveCfg = Release|ARM
		{148B4FC7-69F9-406A-B8D1-C87A758E1934}.Release|ARM.Build.0 = Release|ARM
		{148B4FC7-69F9-406A-B8D1-C87A758E1934}.Release|x64.ActiveCfg = Release|x64
		{148B4FC7-69F9-406A-B8D1-C87A758E1934}.Release|x64.Build.0 = Release|x64
		{148B4FC7-69F9-406A-B8D1-C87A758E1934}.Release|x86.ActiveCfg = Release|x86
		{148B4FC7-69F9-406A-B8D1-C87A758E1934}.Release|x86.Build.0 = Release|x86
		{89D23026-D79D-4767-888D-82425C1EC1CD}.Debug|Any CPU.ActiveCfg = Debug|x86
		{89D23026-D79D-4767-888D-82425C1EC1CD}.Debug|ARM.ActiveCfg = Debug|ARM
		{89D23026-D79D-4767-888D-82425C1EC1CD}.Debug|ARM.Build.0 = Debug|ARM
		{89D23026-D79D-4767-888D-82425C1EC1CD}.Debug|ARM.Deploy.0 = Debug|ARM
		{89D23026-D79D-4767-888D-82425C1EC1CD}.Debug|x64.ActiveCfg = Debug|x64
		{89D23026-D79D-4767-888D-82425C1EC1CD}.Debug|x64.Build.0 = Debug|x64
		{89D23026-D79D-4767-888D-82425C1EC1CD}.Debug|x64.Deploy.0 = Debug|x64
		{89D23026-D79D-4767-888D-82425C1EC1CD}.Debug|x86.ActiveCfg = Debug|x86
		{89D23026-D79D-4767-888D-82425C1EC1CD}.Debug|x86.Build.0 = Debug|x86
		{89D23026-D79D-4767-888D-82425C1EC1CD}.Debug|x86.Deploy.0 = Debug|x86
		{89D23026-D79D-4767-888D-82425C1EC1CD}.Release|Any CPU.ActiveCfg = Release|x86
		{89D23026-D79D-4767-888D-82425C1EC1CD}.Release|ARM.ActiveCfg = Release|ARM
		{89D23026-D79D-4767-888D-82425C1EC1CD}.Release|ARM.Build.0 = Release|ARM
		{89D23026-D79D-4767-888D-82425C1EC1CD}.Release|ARM.Deploy.0 = Release|ARM
		{89D23026-D79D-4767-888D-82425C1EC1CD}.Release|x64.ActiveCfg = Release|x64
		{89D23026-D79D-4767-888D-82425C1EC1CD}.Release|x64.Build.0 = Release|x64
		{89D23026-D79D-4767-888D-82425C1EC1CD}.Release|x64.Deploy.0 = Release|x64
		{89D23026-D79D-4767-888D-82425C1EC1CD}.Release|x86.ActiveCfg = Release|x86
		{89D23026-D79D-4767-888D-82425C1EC1CD}.Release|x86.Build.0 = Release|x86
		{89D23026-D79D-4767-888D-82425C1EC1CD}.Release|x86.Deploy.0 = Release|x86
		{4EF5016A-73AD-4FA4-B277-1CCDCC2D94F7}.Debug|Any CPU.ActiveCfg = Debug|Any CPU
		{4EF5016A-73AD-4FA4-B277-1CCDCC2D94F7}.Debug|Any CPU.Build.0 = Debug|Any CPU
		{4EF5016A-73AD-4FA4-B277-1CCDCC2D94F7}.Debug|ARM.ActiveCfg = Debug|ARM
		{4EF5016A-73AD-4FA4-B277-1CCDCC2D94F7}.Debug|ARM.Build.0 = Debug|ARM
		{4EF5016A-73AD-4FA4-B277-1CCDCC2D94F7}.Debug|x64.ActiveCfg = Debug|x64
		{4EF5016A-73AD-4FA4-B277-1CCDCC2D94F7}.Debug|x64.Build.0 = Debug|x64
		{4EF5016A-73AD-4FA4-B277-1CCDCC2D94F7}.Debug|x86.ActiveCfg = Debug|x86
		{4EF5016A-73AD-4FA4-B277-1CCDCC2D94F7}.Debug|x86.Build.0 = Debug|x86
		{4EF5016A-73AD-4FA4-B277-1CCDCC2D94F7}.Release|Any CPU.ActiveCfg = Release|Any CPU
		{4EF5016A-73AD-4FA4-B277-1CCDCC2D94F7}.Release|Any CPU.Build.0 = Release|Any CPU
		{4EF5016A-73AD-4FA4-B277-1CCDCC2D94F7}.Release|ARM.ActiveCfg = Release|ARM
		{4EF5016A-73AD-4FA4-B277-1CCDCC2D94F7}.Release|ARM.Build.0 = Release|ARM
		{4EF5016A-73AD-4FA4-B277-1CCDCC2D94F7}.Release|x64.ActiveCfg = Release|x64
		{4EF5016A-73AD-4FA4-B277-1CCDCC2D94F7}.Release|x64.Build.0 = Release|x64
		{4EF5016A-73AD-4FA4-B277-1CCDCC2D94F7}.Release|x86.ActiveCfg = Release|x86
		{4EF5016A-73AD-4FA4-B277-1CCDCC2D94F7}.Release|x86.Build.0 = Release|x86
		{4719C497-C102-46CC-88F2-D1A83F991A60}.Debug|Any CPU.ActiveCfg = Debug|x86
		{4719C497-C102-46CC-88F2-D1A83F991A60}.Debug|ARM.ActiveCfg = Debug|ARM
		{4719C497-C102-46CC-88F2-D1A83F991A60}.Debug|ARM.Build.0 = Debug|ARM
		{4719C497-C102-46CC-88F2-D1A83F991A60}.Debug|ARM.Deploy.0 = Debug|ARM
		{4719C497-C102-46CC-88F2-D1A83F991A60}.Debug|x64.ActiveCfg = Debug|x64
		{4719C497-C102-46CC-88F2-D1A83F991A60}.Debug|x64.Build.0 = Debug|x64
		{4719C497-C102-46CC-88F2-D1A83F991A60}.Debug|x64.Deploy.0 = Debug|x64
		{4719C497-C102-46CC-88F2-D1A83F991A60}.Debug|x86.ActiveCfg = Debug|x86
		{4719C497-C102-46CC-88F2-D1A83F991A60}.Debug|x86.Build.0 = Debug|x86
		{4719C497-C102-46CC-88F2-D1A83F991A60}.Debug|x86.Deploy.0 = Debug|x86
		{4719C497-C102-46CC-88F2-D1A83F991A60}.Release|Any CPU.ActiveCfg = Release|x86
		{4719C497-C102-46CC-88F2-D1A83F991A60}.Release|ARM.ActiveCfg = Release|ARM
		{4719C497-C102-46CC-88F2-D1A83F991A60}.Release|ARM.Build.0 = Release|ARM
		{4719C497-C102-46CC-88F2-D1A83F991A60}.Release|ARM.Deploy.0 = Release|ARM
		{4719C497-C102-46CC-88F2-D1A83F991A60}.Release|x64.ActiveCfg = Release|x64
		{4719C497-C102-46CC-88F2-D1A83F991A60}.Release|x64.Build.0 = Release|x64
		{4719C497-C102-46CC-88F2-D1A83F991A60}.Release|x64.Deploy.0 = Release|x64
		{4719C497-C102-46CC-88F2-D1A83F991A60}.Release|x86.ActiveCfg = Release|x86
		{4719C497-C102-46CC-88F2-D1A83F991A60}.Release|x86.Build.0 = Release|x86
		{4719C497-C102-46CC-88F2-D1A83F991A60}.Release|x86.Deploy.0 = Release|x86
	EndGlobalSection
	GlobalSection(SolutionProperties) = preSolution
		HideSolutionNode = FALSE
	EndGlobalSection
EndGlobal
